
Microsoft Visual Studio Solution File, Format Version 12.00
# Visual Studio Version 17
VisualStudioVersion = 17.0.31903.59
MinimumVisualStudioVersion = 10.0.40219.1
Project("{2150E333-8FDC-42A3-9474-1A3956D46DE8}") = "src", "src", "{24AE9D11-8A97-4D20-BC34-7E5EC8335FC1}"
EndProject
Project("{FAE04EC0-301F-11D3-BF4B-00C04F79EFBC}") = "WinSight.AvMonitor", "src\WinSight.AvMonitor\WinSight.AvMonitor.csproj", "{4E9DD423-89E1-48C8-8939-0D343328B4A5}"
EndProject
Project("{FAE04EC0-301F-11D3-BF4B-00C04F79EFBC}") = "WinSight.Browser", "src\WinSight.Browser\WinSight.Browser.csproj", "{F7C24205-77E5-4203-9914-541E91BBFBB9}"
EndProject
Project("{FAE04EC0-301F-11D3-BF4B-00C04F79EFBC}") = "WinSight.Certificates", "src\WinSight.Certificates\WinSight.Certificates.csproj", "{4A5E3153-A8AC-4104-B7BF-9605C761FA71}"
EndProject
Project("{FAE04EC0-301F-11D3-BF4B-00C04F79EFBC}") = "WinSight.Cli", "src\WinSight.Cli\WinSight.Cli.csproj", "{B7BBBDB2-5A0B-46B6-915A-52E16C79A27D}"
EndProject
Project("{FAE04EC0-301F-11D3-BF4B-00C04F79EFBC}") = "WinSight.Core", "src\WinSight.Core\WinSight.Core.csproj", "{CBE0EE09-D0C4-4874-9C43-CF369A24D339}"
EndProject
Project("{FAE04EC0-301F-11D3-BF4B-00C04F79EFBC}") = "WinSight.Dashboard", "src\WinSight.Dashboard\WinSight.Dashboard.csproj", "{610D9D50-748E-4C19-B0D0-CE73E13C21D4}"
EndProject
Project("{FAE04EC0-301F-11D3-BF4B-00C04F79EFBC}") = "WinSight.Firewall", "src\WinSight.Firewall\WinSight.Firewall.csproj", "{997E93AB-CB17-43AB-A0D0-B3DC5C3F2AB6}"
EndProject
Project("{FAE04EC0-301F-11D3-BF4B-00C04F79EFBC}") = "WinSight.Hosts", "src\WinSight.Hosts\WinSight.Hosts.csproj", "{D3739CE9-7D52-4B0A-ADD0-A7A9630D0170}"
EndProject
Project("{FAE04EC0-301F-11D3-BF4B-00C04F79EFBC}") = "WinSight.Modules", "src\WinSight.Modules\WinSight.Modules.csproj", "{61E1629E-8591-418D-9D70-F7476346A249}"
EndProject
Project("{FAE04EC0-301F-11D3-BF4B-00C04F79EFBC}") = "WinSight.NetMonitor", "src\WinSight.NetMonitor\WinSight.NetMonitor.csproj", "{F95D78F5-E5D5-44E8-846C-536F63F15646}"
EndProject
Project("{FAE04EC0-301F-11D3-BF4B-00C04F79EFBC}") = "WinSight.Persistence", "src\WinSight.Persistence\WinSight.Persistence.csproj", "{9F589F1A-3D17-4D7B-889F-6BDB6A352280}"
EndProject
Project("{FAE04EC0-301F-11D3-BF4B-00C04F79EFBC}") = "WinSight.Processes", "src\WinSight.Processes\WinSight.Processes.csproj", "{EFB8D599-C225-4B4C-A47D-82366F513FD4}"
EndProject
Project("{FAE04EC0-301F-11D3-BF4B-00C04F79EFBC}") = "WinSight.Reporting", "src\WinSight.Reporting\WinSight.Reporting.csproj", "{7036DC6C-ECE8-4FAB-9007-93E1A905D2B3}"
EndProject
Project("{FAE04EC0-301F-11D3-BF4B-00C04F79EFBC}") = "WinSight.Mcp", "src\WinSight.Mcp\WinSight.Mcp.csproj", "{A1C94A3E-8C2D-4F3A-90A8-CB90D8F07813}"
EndProject
Project("{2150E333-8FDC-42A3-9474-1A3956D46DE8}") = "tests", "tests", "{14507A7B-7DA9-4E7B-AB05-1332D8A4164A}"
EndProject
Project("{FAE04EC0-301F-11D3-BF4B-00C04F79EFBC}") = "WinSight.AvMonitor.Tests", "tests\WinSight.AvMonitor.Tests\WinSight.AvMonitor.Tests.csproj", "{C06EC399-B844-4745-B078-6FA5F56B4720}"
EndProject
Project("{FAE04EC0-301F-11D3-BF4B-00C04F79EFBC}") = "WinSight.Browser.Tests", "tests\WinSight.Browser.Tests\WinSight.Browser.Tests.csproj", "{7ADF959E-815A-4C56-A08B-25A8881EE1C4}"
EndProject
Project("{FAE04EC0-301F-11D3-BF4B-00C04F79EFBC}") = "WinSight.Certificates.Tests", "tests\WinSight.Certificates.Tests\WinSight.Certificates.Tests.csproj", "{AAC2413D-91FF-4679-B370-14F76B1F1AA1}"
EndProject
Project("{FAE04EC0-301F-11D3-BF4B-00C04F79EFBC}") = "WinSight.Firewall.Tests", "tests\WinSight.Firewall.Tests\WinSight.Firewall.Tests.csproj", "{303DCAF4-B2A7-40A3-B312-90403310D1C7}"
EndProject
Project("{FAE04EC0-301F-11D3-BF4B-00C04F79EFBC}") = "WinSight.Hosts.Tests", "tests\WinSight.Hosts.Tests\WinSight.Hosts.Tests.csproj", "{1D1CE31B-AFB5-4BE3-9082-5E11B5F0E6DB}"
EndProject
Project("{FAE04EC0-301F-11D3-BF4B-00C04F79EFBC}") = "WinSight.Modules.Tests", "tests\WinSight.Modules.Tests\WinSight.Modules.Tests.csproj", "{B34548A8-E37C-4A4D-9E3F-686672908AD8}"
EndProject
Project("{FAE04EC0-301F-11D3-BF4B-00C04F79EFBC}") = "WinSight.NetMonitor.Tests", "tests\WinSight.NetMonitor.Tests\WinSight.NetMonitor.Tests.csproj", "{749FBF03-3260-4584-9810-41B91F5A03EF}"
EndProject
Project("{FAE04EC0-301F-11D3-BF4B-00C04F79EFBC}") = "WinSight.Persistence.Tests", "tests\WinSight.Persistence.Tests\WinSight.Persistence.Tests.csproj", "{342FDB1C-6D92-4F91-A806-686D1D6E4BA8}"
EndProject
Project("{FAE04EC0-301F-11D3-BF4B-00C04F79EFBC}") = "WinSight.Processes.Tests", "tests\WinSight.Processes.Tests\WinSight.Processes.Tests.csproj", "{2B07AC4C-41D4-4916-995C-F7EE23657D2B}"
EndProject
Project("{FAE04EC0-301F-11D3-BF4B-00C04F79EFBC}") = "WinSight.Reporting.Tests", "tests\WinSight.Reporting.Tests\WinSight.Reporting.Tests.csproj", "{05A5455E-A69B-431C-B96D-B9F31E407850}"
EndProject
Project("{FAE04EC0-301F-11D3-BF4B-00C04F79EFBC}") = "WinSight.Application", "src\WinSight.Application\WinSight.Application.csproj", "{57FB3E96-7C40-4A8B-9315-3432C0CF3FE4}"
EndProject
Project("{FAE04EC0-301F-11D3-BF4B-00C04F79EFBC}") = "WinSight.Application.Tests", "tests\WinSight.Application.Tests\WinSight.Application.Tests.csproj", "{0DDF1ACD-6C7D-4F24-96FD-19A4661D964C}"
EndProject
Project("{FAE04EC0-301F-11D3-BF4B-00C04F79EFBC}") = "WinSight.Dashboard.Tests", "tests\WinSight.Dashboard.Tests\WinSight.Dashboard.Tests.csproj", "{9041DE7F-249B-4E89-AC3A-690E8AF20402}"
EndProject
Project("{FAE04EC0-301F-11D3-BF4B-00C04F79EFBC}") = "WinSight.Mcp.Tests", "tests\WinSight.Mcp.Tests\WinSight.Mcp.Tests.csproj", "{EC6CEFF2-1E2D-4A51-A26C-176688FA6F5C}"
EndProject
Project("{FAE04EC0-301F-11D3-BF4B-00C04F79EFBC}") = "WinSight.FirewallService", "src\WinSight.FirewallService\WinSight.FirewallService.csproj", "{BF817DF7-A221-4C7F-AD30-3E0B031736C2}"
EndProject
Project("{FAE04EC0-301F-11D3-BF4B-00C04F79EFBC}") = "WinSight.FirewallService.Tests", "tests\WinSight.FirewallService.Tests\WinSight.FirewallService.Tests.csproj", "{EB6A4A44-8415-478B-9C6A-74C131841BEC}"
EndProject
Project("{FAE04EC0-301F-11D3-BF4B-00C04F79EFBC}") = "WinSight.Ransomware", "src\WinSight.Ransomware\WinSight.Ransomware.csproj", "{C4891442-4C6D-45BA-AFEC-19C4E0D2F93D}"
EndProject
Project("{FAE04EC0-301F-11D3-BF4B-00C04F79EFBC}") = "WinSight.Ransomware.Tests", "tests\WinSight.Ransomware.Tests\WinSight.Ransomware.Tests.csproj", "{4EA907C9-4A6C-4215-8FEF-395C5F558EA4}"
EndProject
Project("{FAE04EC0-301F-11D3-BF4B-00C04F79EFBC}") = "WinSight.Attribution", "src\WinSight.Attribution\WinSight.Attribution.csproj", "{CE8774BB-FCAE-45B3-AEB4-0BEFB26B8743}"
EndProject
Project("{FAE04EC0-301F-11D3-BF4B-00C04F79EFBC}") = "WinSight.Attribution.Tests", "tests\WinSight.Attribution.Tests\WinSight.Attribution.Tests.csproj", "{4B9D5DB2-B3AC-4A4A-A607-CB5FED68AD89}"
EndProject
Project("{FAE04EC0-301F-11D3-BF4B-00C04F79EFBC}") = "WinSight.InputHooks", "src\WinSight.InputHooks\WinSight.InputHooks.csproj", "{9A446856-8F1B-47BF-9BC6-8F489B5CE624}"
EndProject
Project("{FAE04EC0-301F-11D3-BF4B-00C04F79EFBC}") = "WinSight.InputHooks.Tests", "tests\WinSight.InputHooks.Tests\WinSight.InputHooks.Tests.csproj", "{0E6E9C76-8773-4E36-8D9F-714B501F1900}"
EndProject
Project("{FAE04EC0-301F-11D3-BF4B-00C04F79EFBC}") = "WinSight.Drivers", "src\WinSight.Drivers\WinSight.Drivers.csproj", "{EA996E41-080F-4D74-81BC-583A36F996B6}"
EndProject
Project("{FAE04EC0-301F-11D3-BF4B-00C04F79EFBC}") = "WinSight.Drivers.Tests", "tests\WinSight.Drivers.Tests\WinSight.Drivers.Tests.csproj", "{78DE3D9C-85EC-4C5A-AE9E-5553A5324D47}"
EndProject
Project("{FAE04EC0-301F-11D3-BF4B-00C04F79EFBC}") = "WinSight.CodeIntegrity", "src\WinSight.CodeIntegrity\WinSight.CodeIntegrity.csproj", "{4F948DDA-7B1C-4FA4-87B8-1C6A53938278}"
EndProject
Project("{FAE04EC0-301F-11D3-BF4B-00C04F79EFBC}") = "WinSight.CodeIntegrity.Tests", "tests\WinSight.CodeIntegrity.Tests\WinSight.CodeIntegrity.Tests.csproj", "{21B21CB7-3643-445E-AECC-21B059AB5097}"
EndProject
Project("{FAE04EC0-301F-11D3-BF4B-00C04F79EFBC}") = "WinSight.Hijack", "src\WinSight.Hijack\WinSight.Hijack.csproj", "{D1094ABA-6D1C-4D07-B2E3-4278045B890C}"
EndProject
Project("{FAE04EC0-301F-11D3-BF4B-00C04F79EFBC}") = "WinSight.Hijack.Tests", "tests\WinSight.Hijack.Tests\WinSight.Hijack.Tests.csproj", "{5AB39209-E5FC-49E7-BC58-0F8372C5184B}"
EndProject
Project("{FAE04EC0-301F-11D3-BF4B-00C04F79EFBC}") = "WinSight.Core.Tests", "tests\WinSight.Core.Tests\WinSight.Core.Tests.csproj", "{526CF2D3-6C09-48A3-B432-9111B49AEF88}"
EndProject
Project("{FAE04EC0-301F-11D3-BF4B-00C04F79EFBC}") = "WinSight.Presence", "src\WinSight.Presence\WinSight.Presence.csproj", "{BA2B1FE6-D8B6-4F46-B247-526DADBDBA86}"
EndProject
Project("{FAE04EC0-301F-11D3-BF4B-00C04F79EFBC}") = "WinSight.Presence.Tests", "tests\WinSight.Presence.Tests\WinSight.Presence.Tests.csproj", "{692B6146-B53E-4327-930B-0CB094B79E80}"
EndProject
Global
	GlobalSection(SolutionConfigurationPlatforms) = preSolution
		Debug|Any CPU = Debug|Any CPU
		Debug|x64 = Debug|x64
		Debug|x86 = Debug|x86
		Release|Any CPU = Release|Any CPU
		Release|x64 = Release|x64
		Release|x86 = Release|x86
	EndGlobalSection
	GlobalSection(ProjectConfigurationPlatforms) = postSolution
		{4E9DD423-89E1-48C8-8939-0D343328B4A5}.Debug|Any CPU.ActiveCfg = Debug|Any CPU
		{4E9DD423-89E1-48C8-8939-0D343328B4A5}.Debug|Any CPU.Build.0 = Debug|Any CPU
		{4E9DD423-89E1-48C8-8939-0D343328B4A5}.Debug|x64.ActiveCfg = Debug|Any CPU
		{4E9DD423-89E1-48C8-8939-0D343328B4A5}.Debug|x64.Build.0 = Debug|Any CPU
		{4E9DD423-89E1-48C8-8939-0D343328B4A5}.Debug|x86.ActiveCfg = Debug|Any CPU
		{4E9DD423-89E1-48C8-8939-0D343328B4A5}.Debug|x86.Build.0 = Debug|Any CPU
		{4E9DD423-89E1-48C8-8939-0D343328B4A5}.Release|Any CPU.ActiveCfg = Release|Any CPU
		{4E9DD423-89E1-48C8-8939-0D343328B4A5}.Release|Any CPU.Build.0 = Release|Any CPU
		{4E9DD423-89E1-48C8-8939-0D343328B4A5}.Release|x64.ActiveCfg = Release|Any CPU
		{4E9DD423-89E1-48C8-8939-0D343328B4A5}.Release|x64.Build.0 = Release|Any CPU
		{4E9DD423-89E1-48C8-8939-0D343328B4A5}.Release|x86.ActiveCfg = Release|Any CPU
		{4E9DD423-89E1-48C8-8939-0D343328B4A5}.Release|x86.Build.0 = Release|Any CPU
		{F7C24205-77E5-4203-9914-541E91BBFBB9}.Debug|Any CPU.ActiveCfg = Debug|Any CPU
		{F7C24205-77E5-4203-9914-541E91BBFBB9}.Debug|Any CPU.Build.0 = Debug|Any CPU
		{F7C24205-77E5-4203-9914-541E91BBFBB9}.Debug|x64.ActiveCfg = Debug|Any CPU
		{F7C24205-77E5-4203-9914-541E91BBFBB9}.Debug|x64.Build.0 = Debug|Any CPU
		{F7C24205-77E5-4203-9914-541E91BBFBB9}.Debug|x86.ActiveCfg = Debug|Any CPU
		{F7C24205-77E5-4203-9914-541E91BBFBB9}.Debug|x86.Build.0 = Debug|Any CPU
		{F7C24205-77E5-4203-9914-541E91BBFBB9}.Release|Any CPU.ActiveCfg = Release|Any CPU
		{F7C24205-77E5-4203-9914-541E91BBFBB9}.Release|Any CPU.Build.0 = Release|Any CPU
		{F7C24205-77E5-4203-9914-541E91BBFBB9}.Release|x64.ActiveCfg = Release|Any CPU
		{F7C24205-77E5-4203-9914-541E91BBFBB9}.Release|x64.Build.0 = Release|Any CPU
		{F7C24205-77E5-4203-9914-541E91BBFBB9}.Release|x86.ActiveCfg = Release|Any CPU
		{F7C24205-77E5-4203-9914-541E91BBFBB9}.Release|x86.Build.0 = Release|Any CPU
		{4A5E3153-A8AC-4104-B7BF-9605C761FA71}.Debug|Any CPU.ActiveCfg = Debug|Any CPU
		{4A5E3153-A8AC-4104-B7BF-9605C761FA71}.Debug|Any CPU.Build.0 = Debug|Any CPU
		{4A5E3153-A8AC-4104-B7BF-9605C761FA71}.Debug|x64.ActiveCfg = Debug|Any CPU
		{4A5E3153-A8AC-4104-B7BF-9605C761FA71}.Debug|x64.Build.0 = Debug|Any CPU
		{4A5E3153-A8AC-4104-B7BF-9605C761FA71}.Debug|x86.ActiveCfg = Debug|Any CPU
		{4A5E3153-A8AC-4104-B7BF-9605C761FA71}.Debug|x86.Build.0 = Debug|Any CPU
		{4A5E3153-A8AC-4104-B7BF-9605C761FA71}.Release|Any CPU.ActiveCfg = Release|Any CPU
		{4A5E3153-A8AC-4104-B7BF-9605C761FA71}.Release|Any CPU.Build.0 = Release|Any CPU
		{4A5E3153-A8AC-4104-B7BF-9605C761FA71}.Release|x64.ActiveCfg = Release|Any CPU
		{4A5E3153-A8AC-4104-B7BF-9605C761FA71}.Release|x64.Build.0 = Release|Any CPU
		{4A5E3153-A8AC-4104-B7BF-9605C761FA71}.Release|x86.ActiveCfg = Release|Any CPU
		{4A5E3153-A8AC-4104-B7BF-9605C761FA71}.Release|x86.Build.0 = Release|Any CPU
		{B7BBBDB2-5A0B-46B6-915A-52E16C79A27D}.Debug|Any CPU.ActiveCfg = Debug|Any CPU
		{B7BBBDB2-5A0B-46B6-915A-52E16C79A27D}.Debug|Any CPU.Build.0 = Debug|Any CPU
		{B7BBBDB2-5A0B-46B6-915A-52E16C79A27D}.Debug|x64.ActiveCfg = Debug|Any CPU
		{B7BBBDB2-5A0B-46B6-915A-52E16C79A27D}.Debug|x64.Build.0 = Debug|Any CPU
		{B7BBBDB2-5A0B-46B6-915A-52E16C79A27D}.Debug|x86.ActiveCfg = Debug|Any CPU
		{B7BBBDB2-5A0B-46B6-915A-52E16C79A27D}.Debug|x86.Build.0 = Debug|Any CPU
		{B7BBBDB2-5A0B-46B6-915A-52E16C79A27D}.Release|Any CPU.ActiveCfg = Release|Any CPU
		{B7BBBDB2-5A0B-46B6-915A-52E16C79A27D}.Release|Any CPU.Build.0 = Release|Any CPU
		{B7BBBDB2-5A0B-46B6-915A-52E16C79A27D}.Release|x64.ActiveCfg = Release|Any CPU
		{B7BBBDB2-5A0B-46B6-915A-52E16C79A27D}.Release|x64.Build.0 = Release|Any CPU
		{B7BBBDB2-5A0B-46B6-915A-52E16C79A27D}.Release|x86.ActiveCfg = Release|Any CPU
		{B7BBBDB2-5A0B-46B6-915A-52E16C79A27D}.Release|x86.Build.0 = Release|Any CPU
		{CBE0EE09-D0C4-4874-9C43-CF369A24D339}.Debug|Any CPU.ActiveCfg = Debug|Any CPU
		{CBE0EE09-D0C4-4874-9C43-CF369A24D339}.Debug|Any CPU.Build.0 = Debug|Any CPU
		{CBE0EE09-D0C4-4874-9C43-CF369A24D339}.Debug|x64.ActiveCfg = Debug|Any CPU
		{CBE0EE09-D0C4-4874-9C43-CF369A24D339}.Debug|x64.Build.0 = Debug|Any CPU
		{CBE0EE09-D0C4-4874-9C43-CF369A24D339}.Debug|x86.ActiveCfg = Debug|Any CPU
		{CBE0EE09-D0C4-4874-9C43-CF369A24D339}.Debug|x86.Build.0 = Debug|Any CPU
		{CBE0EE09-D0C4-4874-9C43-CF369A24D339}.Release|Any CPU.ActiveCfg = Release|Any CPU
		{CBE0EE09-D0C4-4874-9C43-CF369A24D339}.Release|Any CPU.Build.0 = Release|Any CPU
		{CBE0EE09-D0C4-4874-9C43-CF369A24D339}.Release|x64.ActiveCfg = Release|Any CPU
		{CBE0EE09-D0C4-4874-9C43-CF369A24D339}.Release|x64.Build.0 = Release|Any CPU
		{CBE0EE09-D0C4-4874-9C43-CF369A24D339}.Release|x86.ActiveCfg = Release|Any CPU
		{CBE0EE09-D0C4-4874-9C43-CF369A24D339}.Release|x86.Build.0 = Release|Any CPU
		{610D9D50-748E-4C19-B0D0-CE73E13C21D4}.Debug|Any CPU.ActiveCfg = Debug|Any CPU
		{610D9D50-748E-4C19-B0D0-CE73E13C21D4}.Debug|Any CPU.Build.0 = Debug|Any CPU
		{610D9D50-748E-4C19-B0D0-CE73E13C21D4}.Debug|x64.ActiveCfg = Debug|Any CPU
		{610D9D50-748E-4C19-B0D0-CE73E13C21D4}.Debug|x64.Build.0 = Debug|Any CPU
		{610D9D50-748E-4C19-B0D0-CE73E13C21D4}.Debug|x86.ActiveCfg = Debug|Any CPU
		{610D9D50-748E-4C19-B0D0-CE73E13C21D4}.Debug|x86.Build.0 = Debug|Any CPU
		{610D9D50-748E-4C19-B0D0-CE73E13C21D4}.Release|Any CPU.ActiveCfg = Release|Any CPU
		{610D9D50-748E-4C19-B0D0-CE73E13C21D4}.Release|Any CPU.Build.0 = Release|Any CPU
		{610D9D50-748E-4C19-B0D0-CE73E13C21D4}.Release|x64.ActiveCfg = Release|Any CPU
		{610D9D50-748E-4C19-B0D0-CE73E13C21D4}.Release|x64.Build.0 = Release|Any CPU
		{610D9D50-748E-4C19-B0D0-CE73E13C21D4}.Release|x86.ActiveCfg = Release|Any CPU
		{610D9D50-748E-4C19-B0D0-CE73E13C21D4}.Release|x86.Build.0 = Release|Any CPU
		{997E93AB-CB17-43AB-A0D0-B3DC5C3F2AB6}.Debug|Any CPU.ActiveCfg = Debug|Any CPU
		{997E93AB-CB17-43AB-A0D0-B3DC5C3F2AB6}.Debug|Any CPU.Build.0 = Debug|Any CPU
		{997E93AB-CB17-43AB-A0D0-B3DC5C3F2AB6}.Debug|x64.ActiveCfg = Debug|Any CPU
		{997E93AB-CB17-43AB-A0D0-B3DC5C3F2AB6}.Debug|x64.Build.0 = Debug|Any CPU
		{997E93AB-CB17-43AB-A0D0-B3DC5C3F2AB6}.Debug|x86.ActiveCfg = Debug|Any CPU
		{997E93AB-CB17-43AB-A0D0-B3DC5C3F2AB6}.Debug|x86.Build.0 = Debug|Any CPU
		{997E93AB-CB17-43AB-A0D0-B3DC5C3F2AB6}.Release|Any CPU.ActiveCfg = Release|Any CPU
		{997E93AB-CB17-43AB-A0D0-B3DC5C3F2AB6}.Release|Any CPU.Build.0 = Release|Any CPU
		{997E93AB-CB17-43AB-A0D0-B3DC5C3F2AB6}.Release|x64.ActiveCfg = Release|Any CPU
		{997E93AB-CB17-43AB-A0D0-B3DC5C3F2AB6}.Release|x64.Build.0 = Release|Any CPU
		{997E93AB-CB17-43AB-A0D0-B3DC5C3F2AB6}.Release|x86.ActiveCfg = Release|Any CPU
		{997E93AB-CB17-43AB-A0D0-B3DC5C3F2AB6}.Release|x86.Build.0 = Release|Any CPU
		{D3739CE9-7D52-4B0A-ADD0-A7A9630D0170}.Debug|Any CPU.ActiveCfg = Debug|Any CPU
		{D3739CE9-7D52-4B0A-ADD0-A7A9630D0170}.Debug|Any CPU.Build.0 = Debug|Any CPU
		{D3739CE9-7D52-4B0A-ADD0-A7A9630D0170}.Debug|x64.ActiveCfg = Debug|Any CPU
		{D3739CE9-7D52-4B0A-ADD0-A7A9630D0170}.Debug|x64.Build.0 = Debug|Any CPU
		{D3739CE9-7D52-4B0A-ADD0-A7A9630D0170}.Debug|x86.ActiveCfg = Debug|Any CPU
		{D3739CE9-7D52-4B0A-ADD0-A7A9630D0170}.Debug|x86.Build.0 = Debug|Any CPU
		{D3739CE9-7D52-4B0A-ADD0-A7A9630D0170}.Release|Any CPU.ActiveCfg = Release|Any CPU
		{D3739CE9-7D52-4B0A-ADD0-A7A9630D0170}.Release|Any CPU.Build.0 = Release|Any CPU
		{D3739CE9-7D52-4B0A-ADD0-A7A9630D0170}.Release|x64.ActiveCfg = Release|Any CPU
		{D3739CE9-7D52-4B0A-ADD0-A7A9630D0170}.Release|x64.Build.0 = Release|Any CPU
		{D3739CE9-7D52-4B0A-ADD0-A7A9630D0170}.Release|x86.ActiveCfg = Release|Any CPU
		{D3739CE9-7D52-4B0A-ADD0-A7A9630D0170}.Release|x86.Build.0 = Release|Any CPU
		{61E1629E-8591-418D-9D70-F7476346A249}.Debug|Any CPU.ActiveCfg = Debug|Any CPU
		{61E1629E-8591-418D-9D70-F7476346A249}.Debug|Any CPU.Build.0 = Debug|Any CPU
		{61E1629E-8591-418D-9D70-F7476346A249}.Debug|x64.ActiveCfg = Debug|Any CPU
		{61E1629E-8591-418D-9D70-F7476346A249}.Debug|x64.Build.0 = Debug|Any CPU
		{61E1629E-8591-418D-9D70-F7476346A249}.Debug|x86.ActiveCfg = Debug|Any CPU
		{61E1629E-8591-418D-9D70-F7476346A249}.Debug|x86.Build.0 = Debug|Any CPU
		{61E1629E-8591-418D-9D70-F7476346A249}.Release|Any CPU.ActiveCfg = Release|Any CPU
		{61E1629E-8591-418D-9D70-F7476346A249}.Release|Any CPU.Build.0 = Release|Any CPU
		{61E1629E-8591-418D-9D70-F7476346A249}.Release|x64.ActiveCfg = Release|Any CPU
		{61E1629E-8591-418D-9D70-F7476346A249}.Release|x64.Build.0 = Release|Any CPU
		{61E1629E-8591-418D-9D70-F7476346A249}.Release|x86.ActiveCfg = Release|Any CPU
		{61E1629E-8591-418D-9D70-F7476346A249}.Release|x86.Build.0 = Release|Any CPU
		{F95D78F5-E5D5-44E8-846C-536F63F15646}.Debug|Any CPU.ActiveCfg = Debug|Any CPU
		{F95D78F5-E5D5-44E8-846C-536F63F15646}.Debug|Any CPU.Build.0 = Debug|Any CPU
		{F95D78F5-E5D5-44E8-846C-536F63F15646}.Debug|x64.ActiveCfg = Debug|Any CPU
		{F95D78F5-E5D5-44E8-846C-536F63F15646}.Debug|x64.Build.0 = Debug|Any CPU
		{F95D78F5-E5D5-44E8-846C-536F63F15646}.Debug|x86.ActiveCfg = Debug|Any CPU
		{F95D78F5-E5D5-44E8-846C-536F63F15646}.Debug|x86.Build.0 = Debug|Any CPU
		{F95D78F5-E5D5-44E8-846C-536F63F15646}.Release|Any CPU.ActiveCfg = Release|Any CPU
		{F95D78F5-E5D5-44E8-846C-536F63F15646}.Release|Any CPU.Build.0 = Release|Any CPU
		{F95D78F5-E5D5-44E8-846C-536F63F15646}.Release|x64.ActiveCfg = Release|Any CPU
		{F95D78F5-E5D5-44E8-846C-536F63F15646}.Release|x64.Build.0 = Release|Any CPU
		{F95D78F5-E5D5-44E8-846C-536F63F15646}.Release|x86.ActiveCfg = Release|Any CPU
		{F95D78F5-E5D5-44E8-846C-536F63F15646}.Release|x86.Build.0 = Release|Any CPU
		{9F589F1A-3D17-4D7B-889F-6BDB6A352280}.Debug|Any CPU.ActiveCfg = Debug|Any CPU
		{9F589F1A-3D17-4D7B-889F-6BDB6A352280}.Debug|Any CPU.Build.0 = Debug|Any CPU
		{9F589F1A-3D17-4D7B-889F-6BDB6A352280}.Debug|x64.ActiveCfg = Debug|Any CPU
		{9F589F1A-3D17-4D7B-889F-6BDB6A352280}.Debug|x64.Build.0 = Debug|Any CPU
		{9F589F1A-3D17-4D7B-889F-6BDB6A352280}.Debug|x86.ActiveCfg = Debug|Any CPU
		{9F589F1A-3D17-4D7B-889F-6BDB6A352280}.Debug|x86.Build.0 = Debug|Any CPU
		{9F589F1A-3D17-4D7B-889F-6BDB6A352280}.Release|Any CPU.ActiveCfg = Release|Any CPU
		{9F589F1A-3D17-4D7B-889F-6BDB6A352280}.Release|Any CPU.Build.0 = Release|Any CPU
		{9F589F1A-3D17-4D7B-889F-6BDB6A352280}.Release|x64.ActiveCfg = Release|Any CPU
		{9F589F1A-3D17-4D7B-889F-6BDB6A352280}.Release|x64.Build.0 = Release|Any CPU
		{9F589F1A-3D17-4D7B-889F-6BDB6A352280}.Release|x86.ActiveCfg = Release|Any CPU
		{9F589F1A-3D17-4D7B-889F-6BDB6A352280}.Release|x86.Build.0 = Release|Any CPU
		{EFB8D599-C225-4B4C-A47D-82366F513FD4}.Debug|Any CPU.ActiveCfg = Debug|Any CPU
		{EFB8D599-C225-4B4C-A47D-82366F513FD4}.Debug|Any CPU.Build.0 = Debug|Any CPU
		{EFB8D599-C225-4B4C-A47D-82366F513FD4}.Debug|x64.ActiveCfg = Debug|Any CPU
		{EFB8D599-C225-4B4C-A47D-82366F513FD4}.Debug|x64.Build.0 = Debug|Any CPU
		{EFB8D599-C225-4B4C-A47D-82366F513FD4}.Debug|x86.ActiveCfg = Debug|Any CPU
		{EFB8D599-C225-4B4C-A47D-82366F513FD4}.Debug|x86.Build.0 = Debug|Any CPU
		{EFB8D599-C225-4B4C-A47D-82366F513FD4}.Release|Any CPU.ActiveCfg = Release|Any CPU
		{EFB8D599-C225-4B4C-A47D-82366F513FD4}.Release|Any CPU.Build.0 = Release|Any CPU
		{EFB8D599-C225-4B4C-A47D-82366F513FD4}.Release|x64.ActiveCfg = Release|Any CPU
		{EFB8D599-C225-4B4C-A47D-82366F513FD4}.Release|x64.Build.0 = Release|Any CPU
		{EFB8D599-C225-4B4C-A47D-82366F513FD4}.Release|x86.ActiveCfg = Release|Any CPU
		{EFB8D599-C225-4B4C-A47D-82366F513FD4}.Release|x86.Build.0 = Release|Any CPU
		{7036DC6C-ECE8-4FAB-9007-93E1A905D2B3}.Debug|Any CPU.ActiveCfg = Debug|Any CPU
		{7036DC6C-ECE8-4FAB-9007-93E1A905D2B3}.Debug|Any CPU.Build.0 = Debug|Any CPU
		{7036DC6C-ECE8-4FAB-9007-93E1A905D2B3}.Debug|x64.ActiveCfg = Debug|Any CPU
		{7036DC6C-ECE8-4FAB-9007-93E1A905D2B3}.Debug|x64.Build.0 = Debug|Any CPU
		{7036DC6C-ECE8-4FAB-9007-93E1A905D2B3}.Debug|x86.ActiveCfg = Debug|Any CPU
		{7036DC6C-ECE8-4FAB-9007-93E1A905D2B3}.Debug|x86.Build.0 = Debug|Any CPU
		{7036DC6C-ECE8-4FAB-9007-93E1A905D2B3}.Release|Any CPU.ActiveCfg = Release|Any CPU
		{7036DC6C-ECE8-4FAB-9007-93E1A905D2B3}.Release|Any CPU.Build.0 = Release|Any CPU
		{7036DC6C-ECE8-4FAB-9007-93E1A905D2B3}.Release|x64.ActiveCfg = Release|Any CPU
		{7036DC6C-ECE8-4FAB-9007-93E1A905D2B3}.Release|x64.Build.0 = Release|Any CPU
		{7036DC6C-ECE8-4FAB-9007-93E1A905D2B3}.Release|x86.ActiveCfg = Release|Any CPU
		{7036DC6C-ECE8-4FAB-9007-93E1A905D2B3}.Release|x86.Build.0 = Release|Any CPU
		{A1C94A3E-8C2D-4F3A-90A8-CB90D8F07813}.Debug|Any CPU.ActiveCfg = Debug|Any CPU
		{A1C94A3E-8C2D-4F3A-90A8-CB90D8F07813}.Debug|Any CPU.Build.0 = Debug|Any CPU
		{A1C94A3E-8C2D-4F3A-90A8-CB90D8F07813}.Debug|x64.ActiveCfg = Debug|Any CPU
		{A1C94A3E-8C2D-4F3A-90A8-CB90D8F07813}.Debug|x64.Build.0 = Debug|Any CPU
		{A1C94A3E-8C2D-4F3A-90A8-CB90D8F07813}.Debug|x86.ActiveCfg = Debug|Any CPU
		{A1C94A3E-8C2D-4F3A-90A8-CB90D8F07813}.Debug|x86.Build.0 = Debug|Any CPU
		{A1C94A3E-8C2D-4F3A-90A8-CB90D8F07813}.Release|Any CPU.ActiveCfg = Release|Any CPU
		{A1C94A3E-8C2D-4F3A-90A8-CB90D8F07813}.Release|Any CPU.Build.0 = Release|Any CPU
		{A1C94A3E-8C2D-4F3A-90A8-CB90D8F07813}.Release|x64.ActiveCfg = Release|Any CPU
		{A1C94A3E-8C2D-4F3A-90A8-CB90D8F07813}.Release|x64.Build.0 = Release|Any CPU
		{A1C94A3E-8C2D-4F3A-90A8-CB90D8F07813}.Release|x86.ActiveCfg = Release|Any CPU
		{A1C94A3E-8C2D-4F3A-90A8-CB90D8F07813}.Release|x86.Build.0 = Release|Any CPU
		{C06EC399-B844-4745-B078-6FA5F56B4720}.Debug|Any CPU.ActiveCfg = Debug|Any CPU
		{C06EC399-B844-4745-B078-6FA5F56B4720}.Debug|Any CPU.Build.0 = Debug|Any CPU
		{C06EC399-B844-4745-B078-6FA5F56B4720}.Debug|x64.ActiveCfg = Debug|Any CPU
		{C06EC399-B844-4745-B078-6FA5F56B4720}.Debug|x64.Build.0 = Debug|Any CPU
		{C06EC399-B844-4745-B078-6FA5F56B4720}.Debug|x86.ActiveCfg = Debug|Any CPU
		{C06EC399-B844-4745-B078-6FA5F56B4720}.Debug|x86.Build.0 = Debug|Any CPU
		{C06EC399-B844-4745-B078-6FA5F56B4720}.Release|Any CPU.ActiveCfg = Release|Any CPU
		{C06EC399-B844-4745-B078-6FA5F56B4720}.Release|Any CPU.Build.0 = Release|Any CPU
		{C06EC399-B844-4745-B078-6FA5F56B4720}.Release|x64.ActiveCfg = Release|Any CPU
		{C06EC399-B844-4745-B078-6FA5F56B4720}.Release|x64.Build.0 = Release|Any CPU
		{C06EC399-B844-4745-B078-6FA5F56B4720}.Release|x86.ActiveCfg = Release|Any CPU
		{C06EC399-B844-4745-B078-6FA5F56B4720}.Release|x86.Build.0 = Release|Any CPU
		{7ADF959E-815A-4C56-A08B-25A8881EE1C4}.Debug|Any CPU.ActiveCfg = Debug|Any CPU
		{7ADF959E-815A-4C56-A08B-25A8881EE1C4}.Debug|Any CPU.Build.0 = Debug|Any CPU
		{7ADF959E-815A-4C56-A08B-25A8881EE1C4}.Debug|x64.ActiveCfg = Debug|Any CPU
		{7ADF959E-815A-4C56-A08B-25A8881EE1C4}.Debug|x64.Build.0 = Debug|Any CPU
		{7ADF959E-815A-4C56-A08B-25A8881EE1C4}.Debug|x86.ActiveCfg = Debug|Any CPU
		{7ADF959E-815A-4C56-A08B-25A8881EE1C4}.Debug|x86.Build.0 = Debug|Any CPU
		{7ADF959E-815A-4C56-A08B-25A8881EE1C4}.Release|Any CPU.ActiveCfg = Release|Any CPU
		{7ADF959E-815A-4C56-A08B-25A8881EE1C4}.Release|Any CPU.Build.0 = Release|Any CPU
		{7ADF959E-815A-4C56-A08B-25A8881EE1C4}.Release|x64.ActiveCfg = Release|Any CPU
		{7ADF959E-815A-4C56-A08B-25A8881EE1C4}.Release|x64.Build.0 = Release|Any CPU
		{7ADF959E-815A-4C56-A08B-25A8881EE1C4}.Release|x86.ActiveCfg = Release|Any CPU
		{7ADF959E-815A-4C56-A08B-25A8881EE1C4}.Release|x86.Build.0 = Release|Any CPU
		{AAC2413D-91FF-4679-B370-14F76B1F1AA1}.Debug|Any CPU.ActiveCfg = Debug|Any CPU
		{AAC2413D-91FF-4679-B370-14F76B1F1AA1}.Debug|Any CPU.Build.0 = Debug|Any CPU
		{AAC2413D-91FF-4679-B370-14F76B1F1AA1}.Debug|x64.ActiveCfg = Debug|Any CPU
		{AAC2413D-91FF-4679-B370-14F76B1F1AA1}.Debug|x64.Build.0 = Debug|Any CPU
		{AAC2413D-91FF-4679-B370-14F76B1F1AA1}.Debug|x86.ActiveCfg = Debug|Any CPU
		{AAC2413D-91FF-4679-B370-14F76B1F1AA1}.Debug|x86.Build.0 = Debug|Any CPU
		{AAC2413D-91FF-4679-B370-14F76B1F1AA1}.Release|Any CPU.ActiveCfg = Release|Any CPU
		{AAC2413D-91FF-4679-B370-14F76B1F1AA1}.Release|Any CPU.Build.0 = Release|Any CPU
		{AAC2413D-91FF-4679-B370-14F76B1F1AA1}.Release|x64.ActiveCfg = Release|Any CPU
		{AAC2413D-91FF-4679-B370-14F76B1F1AA1}.Release|x64.Build.0 = Release|Any CPU
		{AAC2413D-91FF-4679-B370-14F76B1F1AA1}.Release|x86.ActiveCfg = Release|Any CPU
		{AAC2413D-91FF-4679-B370-14F76B1F1AA1}.Release|x86.Build.0 = Release|Any CPU
		{303DCAF4-B2A7-40A3-B312-90403310D1C7}.Debug|Any CPU.ActiveCfg = Debug|Any CPU
		{303DCAF4-B2A7-40A3-B312-90403310D1C7}.Debug|Any CPU.Build.0 = Debug|Any CPU
		{303DCAF4-B2A7-40A3-B312-90403310D1C7}.Debug|x64.ActiveCfg = Debug|Any CPU
		{303DCAF4-B2A7-40A3-B312-90403310D1C7}.Debug|x64.Build.0 = Debug|Any CPU
		{303DCAF4-B2A7-40A3-B312-90403310D1C7}.Debug|x86.ActiveCfg = Debug|Any CPU
		{303DCAF4-B2A7-40A3-B312-90403310D1C7}.Debug|x86.Build.0 = Debug|Any CPU
		{303DCAF4-B2A7-40A3-B312-90403310D1C7}.Release|Any CPU.ActiveCfg = Release|Any CPU
		{303DCAF4-B2A7-40A3-B312-90403310D1C7}.Release|Any CPU.Build.0 = Release|Any CPU
		{303DCAF4-B2A7-40A3-B312-90403310D1C7}.Release|x64.ActiveCfg = Release|Any CPU
		{303DCAF4-B2A7-40A3-B312-90403310D1C7}.Release|x64.Build.0 = Release|Any CPU
		{303DCAF4-B2A7-40A3-B312-90403310D1C7}.Release|x86.ActiveCfg = Release|Any CPU
		{303DCAF4-B2A7-40A3-B312-90403310D1C7}.Release|x86.Build.0 = Release|Any CPU
		{1D1CE31B-AFB5-4BE3-9082-5E11B5F0E6DB}.Debug|Any CPU.ActiveCfg = Debug|Any CPU
		{1D1CE31B-AFB5-4BE3-9082-5E11B5F0E6DB}.Debug|Any CPU.Build.0 = Debug|Any CPU
		{1D1CE31B-AFB5-4BE3-9082-5E11B5F0E6DB}.Debug|x64.ActiveCfg = Debug|Any CPU
		{1D1CE31B-AFB5-4BE3-9082-5E11B5F0E6DB}.Debug|x64.Build.0 = Debug|Any CPU
		{1D1CE31B-AFB5-4BE3-9082-5E11B5F0E6DB}.Debug|x86.ActiveCfg = Debug|Any CPU
		{1D1CE31B-AFB5-4BE3-9082-5E11B5F0E6DB}.Debug|x86.Build.0 = Debug|Any CPU
		{1D1CE31B-AFB5-4BE3-9082-5E11B5F0E6DB}.Release|Any CPU.ActiveCfg = Release|Any CPU
		{1D1CE31B-AFB5-4BE3-9082-5E11B5F0E6DB}.Release|Any CPU.Build.0 = Release|Any CPU
		{1D1CE31B-AFB5-4BE3-9082-5E11B5F0E6DB}.Release|x64.ActiveCfg = Release|Any CPU
		{1D1CE31B-AFB5-4BE3-9082-5E11B5F0E6DB}.Release|x64.Build.0 = Release|Any CPU
		{1D1CE31B-AFB5-4BE3-9082-5E11B5F0E6DB}.Release|x86.ActiveCfg = Release|Any CPU
		{1D1CE31B-AFB5-4BE3-9082-5E11B5F0E6DB}.Release|x86.Build.0 = Release|Any CPU
		{B34548A8-E37C-4A4D-9E3F-686672908AD8}.Debug|Any CPU.ActiveCfg = Debug|Any CPU
		{B34548A8-E37C-4A4D-9E3F-686672908AD8}.Debug|Any CPU.Build.0 = Debug|Any CPU
		{B34548A8-E37C-4A4D-9E3F-686672908AD8}.Debug|x64.ActiveCfg = Debug|Any CPU
		{B34548A8-E37C-4A4D-9E3F-686672908AD8}.Debug|x64.Build.0 = Debug|Any CPU
		{B34548A8-E37C-4A4D-9E3F-686672908AD8}.Debug|x86.ActiveCfg = Debug|Any CPU
		{B34548A8-E37C-4A4D-9E3F-686672908AD8}.Debug|x86.Build.0 = Debug|Any CPU
		{B34548A8-E37C-4A4D-9E3F-686672908AD8}.Release|Any CPU.ActiveCfg = Release|Any CPU
		{B34548A8-E37C-4A4D-9E3F-686672908AD8}.Release|Any CPU.Build.0 = Release|Any CPU
		{B34548A8-E37C-4A4D-9E3F-686672908AD8}.Release|x64.ActiveCfg = Release|Any CPU
		{B34548A8-E37C-4A4D-9E3F-686672908AD8}.Release|x64.Build.0 = Release|Any CPU
		{B34548A8-E37C-4A4D-9E3F-686672908AD8}.Release|x86.ActiveCfg = Release|Any CPU
		{B34548A8-E37C-4A4D-9E3F-686672908AD8}.Release|x86.Build.0 = Release|Any CPU
		{749FBF03-3260-4584-9810-41B91F5A03EF}.Debug|Any CPU.ActiveCfg = Debug|Any CPU
		{749FBF03-3260-4584-9810-41B91F5A03EF}.Debug|Any CPU.Build.0 = Debug|Any CPU
		{749FBF03-3260-4584-9810-41B91F5A03EF}.Debug|x64.ActiveCfg = Debug|Any CPU
		{749FBF03-3260-4584-9810-41B91F5A03EF}.Debug|x64.Build.0 = Debug|Any CPU
		{749FBF03-3260-4584-9810-41B91F5A03EF}.Debug|x86.ActiveCfg = Debug|Any CPU
		{749FBF03-3260-4584-9810-41B91F5A03EF}.Debug|x86.Build.0 = Debug|Any CPU
		{749FBF03-3260-4584-9810-41B91F5A03EF}.Release|Any CPU.ActiveCfg = Release|Any CPU
		{749FBF03-3260-4584-9810-41B91F5A03EF}.Release|Any CPU.Build.0 = Release|Any CPU
		{749FBF03-3260-4584-9810-41B91F5A03EF}.Release|x64.ActiveCfg = Release|Any CPU
		{749FBF03-3260-4584-9810-41B91F5A03EF}.Release|x64.Build.0 = Release|Any CPU
		{749FBF03-3260-4584-9810-41B91F5A03EF}.Release|x86.ActiveCfg = Release|Any CPU
		{749FBF03-3260-4584-9810-41B91F5A03EF}.Release|x86.Build.0 = Release|Any CPU
		{342FDB1C-6D92-4F91-A806-686D1D6E4BA8}.Debug|Any CPU.ActiveCfg = Debug|Any CPU
		{342FDB1C-6D92-4F91-A806-686D1D6E4BA8}.Debug|Any CPU.Build.0 = Debug|Any CPU
		{342FDB1C-6D92-4F91-A806-686D1D6E4BA8}.Debug|x64.ActiveCfg = Debug|Any CPU
		{342FDB1C-6D92-4F91-A806-686D1D6E4BA8}.Debug|x64.Build.0 = Debug|Any CPU
		{342FDB1C-6D92-4F91-A806-686D1D6E4BA8}.Debug|x86.ActiveCfg = Debug|Any CPU
		{342FDB1C-6D92-4F91-A806-686D1D6E4BA8}.Debug|x86.Build.0 = Debug|Any CPU
		{342FDB1C-6D92-4F91-A806-686D1D6E4BA8}.Release|Any CPU.ActiveCfg = Release|Any CPU
		{342FDB1C-6D92-4F91-A806-686D1D6E4BA8}.Release|Any CPU.Build.0 = Release|Any CPU
		{342FDB1C-6D92-4F91-A806-686D1D6E4BA8}.Release|x64.ActiveCfg = Release|Any CPU
		{342FDB1C-6D92-4F91-A806-686D1D6E4BA8}.Release|x64.Build.0 = Release|Any CPU
		{342FDB1C-6D92-4F91-A806-686D1D6E4BA8}.Release|x86.ActiveCfg = Release|Any CPU
		{342FDB1C-6D92-4F91-A806-686D1D6E4BA8}.Release|x86.Build.0 = Release|Any CPU
		{2B07AC4C-41D4-4916-995C-F7EE23657D2B}.Debug|Any CPU.ActiveCfg = Debug|Any CPU
		{2B07AC4C-41D4-4916-995C-F7EE23657D2B}.Debug|Any CPU.Build.0 = Debug|Any CPU
		{2B07AC4C-41D4-4916-995C-F7EE23657D2B}.Debug|x64.ActiveCfg = Debug|Any CPU
		{2B07AC4C-41D4-4916-995C-F7EE23657D2B}.Debug|x64.Build.0 = Debug|Any CPU
		{2B07AC4C-41D4-4916-995C-F7EE23657D2B}.Debug|x86.ActiveCfg = Debug|Any CPU
		{2B07AC4C-41D4-4916-995C-F7EE23657D2B}.Debug|x86.Build.0 = Debug|Any CPU
		{2B07AC4C-41D4-4916-995C-F7EE23657D2B}.Release|Any CPU.ActiveCfg = Release|Any CPU
		{2B07AC4C-41D4-4916-995C-F7EE23657D2B}.Release|Any CPU.Build.0 = Release|Any CPU
		{2B07AC4C-41D4-4916-995C-F7EE23657D2B}.Release|x64.ActiveCfg = Release|Any CPU
		{2B07AC4C-41D4-4916-995C-F7EE23657D2B}.Release|x64.Build.0 = Release|Any CPU
		{2B07AC4C-41D4-4916-995C-F7EE23657D2B}.Release|x86.ActiveCfg = Release|Any CPU
		{2B07AC4C-41D4-4916-995C-F7EE23657D2B}.Release|x86.Build.0 = Release|Any CPU
		{05A5455E-A69B-431C-B96D-B9F31E407850}.Debug|Any CPU.ActiveCfg = Debug|Any CPU
		{05A5455E-A69B-431C-B96D-B9F31E407850}.Debug|Any CPU.Build.0 = Debug|Any CPU
		{05A5455E-A69B-431C-B96D-B9F31E407850}.Debug|x64.ActiveCfg = Debug|Any CPU
		{05A5455E-A69B-431C-B96D-B9F31E407850}.Debug|x64.Build.0 = Debug|Any CPU
		{05A5455E-A69B-431C-B96D-B9F31E407850}.Debug|x86.ActiveCfg = Debug|Any CPU
		{05A5455E-A69B-431C-B96D-B9F31E407850}.Debug|x86.Build.0 = Debug|Any CPU
		{05A5455E-A69B-431C-B96D-B9F31E407850}.Release|Any CPU.ActiveCfg = Release|Any CPU
		{05A5455E-A69B-431C-B96D-B9F31E407850}.Release|Any CPU.Build.0 = Release|Any CPU
		{05A5455E-A69B-431C-B96D-B9F31E407850}.Release|x64.ActiveCfg = Release|Any CPU
		{05A5455E-A69B-431C-B96D-B9F31E407850}.Release|x64.Build.0 = Release|Any CPU
		{05A5455E-A69B-431C-B96D-B9F31E407850}.Release|x86.ActiveCfg = Release|Any CPU
		{05A5455E-A69B-431C-B96D-B9F31E407850}.Release|x86.Build.0 = Release|Any CPU
		{57FB3E96-7C40-4A8B-9315-3432C0CF3FE4}.Debug|Any CPU.ActiveCfg = Debug|Any CPU
		{57FB3E96-7C40-4A8B-9315-3432C0CF3FE4}.Debug|Any CPU.Build.0 = Debug|Any CPU
		{57FB3E96-7C40-4A8B-9315-3432C0CF3FE4}.Debug|x64.ActiveCfg = Debug|Any CPU
		{57FB3E96-7C40-4A8B-9315-3432C0CF3FE4}.Debug|x64.Build.0 = Debug|Any CPU
		{57FB3E96-7C40-4A8B-9315-3432C0CF3FE4}.Debug|x86.ActiveCfg = Debug|Any CPU
		{57FB3E96-7C40-4A8B-9315-3432C0CF3FE4}.Debug|x86.Build.0 = Debug|Any CPU
		{57FB3E96-7C40-4A8B-9315-3432C0CF3FE4}.Release|Any CPU.ActiveCfg = Release|Any CPU
		{57FB3E96-7C40-4A8B-9315-3432C0CF3FE4}.Release|Any CPU.Build.0 = Release|Any CPU
		{57FB3E96-7C40-4A8B-9315-3432C0CF3FE4}.Release|x64.ActiveCfg = Release|Any CPU
		{57FB3E96-7C40-4A8B-9315-3432C0CF3FE4}.Release|x64.Build.0 = Release|Any CPU
		{57FB3E96-7C40-4A8B-9315-3432C0CF3FE4}.Release|x86.ActiveCfg = Release|Any CPU
		{57FB3E96-7C40-4A8B-9315-3432C0CF3FE4}.Release|x86.Build.0 = Release|Any CPU
		{0DDF1ACD-6C7D-4F24-96FD-19A4661D964C}.Debug|Any CPU.ActiveCfg = Debug|Any CPU
		{0DDF1ACD-6C7D-4F24-96FD-19A4661D964C}.Debug|Any CPU.Build.0 = Debug|Any CPU
		{0DDF1ACD-6C7D-4F24-96FD-19A4661D964C}.Debug|x64.ActiveCfg = Debug|Any CPU
		{0DDF1ACD-6C7D-4F24-96FD-19A4661D964C}.Debug|x64.Build.0 = Debug|Any CPU
		{0DDF1ACD-6C7D-4F24-96FD-19A4661D964C}.Debug|x86.ActiveCfg = Debug|Any CPU
		{0DDF1ACD-6C7D-4F24-96FD-19A4661D964C}.Debug|x86.Build.0 = Debug|Any CPU
		{0DDF1ACD-6C7D-4F24-96FD-19A4661D964C}.Release|Any CPU.ActiveCfg = Release|Any CPU
		{0DDF1ACD-6C7D-4F24-96FD-19A4661D964C}.Release|Any CPU.Build.0 = Release|Any CPU
		{0DDF1ACD-6C7D-4F24-96FD-19A4661D964C}.Release|x64.ActiveCfg = Release|Any CPU
		{0DDF1ACD-6C7D-4F24-96FD-19A4661D964C}.Release|x64.Build.0 = Release|Any CPU
		{0DDF1ACD-6C7D-4F24-96FD-19A4661D964C}.Release|x86.ActiveCfg = Release|Any CPU
		{0DDF1ACD-6C7D-4F24-96FD-19A4661D964C}.Release|x86.Build.0 = Release|Any CPU
		{9041DE7F-249B-4E89-AC3A-690E8AF20402}.Debug|Any CPU.ActiveCfg = Debug|Any CPU
		{9041DE7F-249B-4E89-AC3A-690E8AF20402}.Debug|Any CPU.Build.0 = Debug|Any CPU
		{9041DE7F-249B-4E89-AC3A-690E8AF20402}.Debug|x64.ActiveCfg = Debug|Any CPU
		{9041DE7F-249B-4E89-AC3A-690E8AF20402}.Debug|x64.Build.0 = Debug|Any CPU
		{9041DE7F-249B-4E89-AC3A-690E8AF20402}.Debug|x86.ActiveCfg = Debug|Any CPU
		{9041DE7F-249B-4E89-AC3A-690E8AF20402}.Debug|x86.Build.0 = Debug|Any CPU
		{9041DE7F-249B-4E89-AC3A-690E8AF20402}.Release|Any CPU.ActiveCfg = Release|Any CPU
		{9041DE7F-249B-4E89-AC3A-690E8AF20402}.Release|Any CPU.Build.0 = Release|Any CPU
		{9041DE7F-249B-4E89-AC3A-690E8AF20402}.Release|x64.ActiveCfg = Release|Any CPU
		{9041DE7F-249B-4E89-AC3A-690E8AF20402}.Release|x64.Build.0 = Release|Any CPU
		{9041DE7F-249B-4E89-AC3A-690E8AF20402}.Release|x86.ActiveCfg = Release|Any CPU
		{9041DE7F-249B-4E89-AC3A-690E8AF20402}.Release|x86.Build.0 = Release|Any CPU
		{EC6CEFF2-1E2D-4A51-A26C-176688FA6F5C}.Debug|Any CPU.ActiveCfg = Debug|Any CPU
		{EC6CEFF2-1E2D-4A51-A26C-176688FA6F5C}.Debug|Any CPU.Build.0 = Debug|Any CPU
		{EC6CEFF2-1E2D-4A51-A26C-176688FA6F5C}.Debug|x64.ActiveCfg = Debug|Any CPU
		{EC6CEFF2-1E2D-4A51-A26C-176688FA6F5C}.Debug|x64.Build.0 = Debug|Any CPU
		{EC6CEFF2-1E2D-4A51-A26C-176688FA6F5C}.Debug|x86.ActiveCfg = Debug|Any CPU
		{EC6CEFF2-1E2D-4A51-A26C-176688FA6F5C}.Debug|x86.Build.0 = Debug|Any CPU
		{EC6CEFF2-1E2D-4A51-A26C-176688FA6F5C}.Release|Any CPU.ActiveCfg = Release|Any CPU
		{EC6CEFF2-1E2D-4A51-A26C-176688FA6F5C}.Release|Any CPU.Build.0 = Release|Any CPU
		{EC6CEFF2-1E2D-4A51-A26C-176688FA6F5C}.Release|x64.ActiveCfg = Release|Any CPU
		{EC6CEFF2-1E2D-4A51-A26C-176688FA6F5C}.Release|x64.Build.0 = Release|Any CPU
		{EC6CEFF2-1E2D-4A51-A26C-176688FA6F5C}.Release|x86.ActiveCfg = Release|Any CPU
		{EC6CEFF2-1E2D-4A51-A26C-176688FA6F5C}.Release|x86.Build.0 = Release|Any CPU
		{BF817DF7-A221-4C7F-AD30-3E0B031736C2}.Debug|Any CPU.ActiveCfg = Debug|Any CPU
		{BF817DF7-A221-4C7F-AD30-3E0B031736C2}.Debug|Any CPU.Build.0 = Debug|Any CPU
		{BF817DF7-A221-4C7F-AD30-3E0B031736C2}.Debug|x64.ActiveCfg = Debug|Any CPU
		{BF817DF7-A221-4C7F-AD30-3E0B031736C2}.Debug|x64.Build.0 = Debug|Any CPU
		{BF817DF7-A221-4C7F-AD30-3E0B031736C2}.Debug|x86.ActiveCfg = Debug|Any CPU
		{BF817DF7-A221-4C7F-AD30-3E0B031736C2}.Debug|x86.Build.0 = Debug|Any CPU
		{BF817DF7-A221-4C7F-AD30-3E0B031736C2}.Release|Any CPU.ActiveCfg = Release|Any CPU
		{BF817DF7-A221-4C7F-AD30-3E0B031736C2}.Release|Any CPU.Build.0 = Release|Any CPU
		{BF817DF7-A221-4C7F-AD30-3E0B031736C2}.Release|x64.ActiveCfg = Release|Any CPU
		{BF817DF7-A221-4C7F-AD30-3E0B031736C2}.Release|x64.Build.0 = Release|Any CPU
		{BF817DF7-A221-4C7F-AD30-3E0B031736C2}.Release|x86.ActiveCfg = Release|Any CPU
		{BF817DF7-A221-4C7F-AD30-3E0B031736C2}.Release|x86.Build.0 = Release|Any CPU
		{EB6A4A44-8415-478B-9C6A-74C131841BEC}.Debug|Any CPU.ActiveCfg = Debug|Any CPU
		{EB6A4A44-8415-478B-9C6A-74C131841BEC}.Debug|Any CPU.Build.0 = Debug|Any CPU
		{EB6A4A44-8415-478B-9C6A-74C131841BEC}.Debug|x64.ActiveCfg = Debug|Any CPU
		{EB6A4A44-8415-478B-9C6A-74C131841BEC}.Debug|x64.Build.0 = Debug|Any CPU
		{EB6A4A44-8415-478B-9C6A-74C131841BEC}.Debug|x86.ActiveCfg = Debug|Any CPU
		{EB6A4A44-8415-478B-9C6A-74C131841BEC}.Debug|x86.Build.0 = Debug|Any CPU
		{EB6A4A44-8415-478B-9C6A-74C131841BEC}.Release|Any CPU.ActiveCfg = Release|Any CPU
		{EB6A4A44-8415-478B-9C6A-74C131841BEC}.Release|Any CPU.Build.0 = Release|Any CPU
		{EB6A4A44-8415-478B-9C6A-74C131841BEC}.Release|x64.ActiveCfg = Release|Any CPU
		{EB6A4A44-8415-478B-9C6A-74C131841BEC}.Release|x64.Build.0 = Release|Any CPU
		{EB6A4A44-8415-478B-9C6A-74C131841BEC}.Release|x86.ActiveCfg = Release|Any CPU
		{EB6A4A44-8415-478B-9C6A-74C131841BEC}.Release|x86.Build.0 = Release|Any CPU
		{C4891442-4C6D-45BA-AFEC-19C4E0D2F93D}.Debug|Any CPU.ActiveCfg = Debug|Any CPU
		{C4891442-4C6D-45BA-AFEC-19C4E0D2F93D}.Debug|Any CPU.Build.0 = Debug|Any CPU
		{C4891442-4C6D-45BA-AFEC-19C4E0D2F93D}.Debug|x64.ActiveCfg = Debug|Any CPU
		{C4891442-4C6D-45BA-AFEC-19C4E0D2F93D}.Debug|x64.Build.0 = Debug|Any CPU
		{C4891442-4C6D-45BA-AFEC-19C4E0D2F93D}.Debug|x86.ActiveCfg = Debug|Any CPU
		{C4891442-4C6D-45BA-AFEC-19C4E0D2F93D}.Debug|x86.Build.0 = Debug|Any CPU
		{C4891442-4C6D-45BA-AFEC-19C4E0D2F93D}.Release|Any CPU.ActiveCfg = Release|Any CPU
		{C4891442-4C6D-45BA-AFEC-19C4E0D2F93D}.Release|Any CPU.Build.0 = Release|Any CPU
		{C4891442-4C6D-45BA-AFEC-19C4E0D2F93D}.Release|x64.ActiveCfg = Release|Any CPU
		{C4891442-4C6D-45BA-AFEC-19C4E0D2F93D}.Release|x64.Build.0 = Release|Any CPU
		{C4891442-4C6D-45BA-AFEC-19C4E0D2F93D}.Release|x86.ActiveCfg = Release|Any CPU
		{C4891442-4C6D-45BA-AFEC-19C4E0D2F93D}.Release|x86.Build.0 = Release|Any CPU
		{4EA907C9-4A6C-4215-8FEF-395C5F558EA4}.Debug|Any CPU.ActiveCfg = Debug|Any CPU
		{4EA907C9-4A6C-4215-8FEF-395C5F558EA4}.Debug|Any CPU.Build.0 = Debug|Any CPU
		{4EA907C9-4A6C-4215-8FEF-395C5F558EA4}.Debug|x64.ActiveCfg = Debug|Any CPU
		{4EA907C9-4A6C-4215-8FEF-395C5F558EA4}.Debug|x64.Build.0 = Debug|Any CPU
		{4EA907C9-4A6C-4215-8FEF-395C5F558EA4}.Debug|x86.ActiveCfg = Debug|Any CPU
		{4EA907C9-4A6C-4215-8FEF-395C5F558EA4}.Debug|x86.Build.0 = Debug|Any CPU
		{4EA907C9-4A6C-4215-8FEF-395C5F558EA4}.Release|Any CPU.ActiveCfg = Release|Any CPU
		{4EA907C9-4A6C-4215-8FEF-395C5F558EA4}.Release|Any CPU.Build.0 = Release|Any CPU
		{4EA907C9-4A6C-4215-8FEF-395C5F558EA4}.Release|x64.ActiveCfg = Release|Any CPU
		{4EA907C9-4A6C-4215-8FEF-395C5F558EA4}.Release|x64.Build.0 = Release|Any CPU
		{4EA907C9-4A6C-4215-8FEF-395C5F558EA4}.Release|x86.ActiveCfg = Release|Any CPU
		{4EA907C9-4A6C-4215-8FEF-395C5F558EA4}.Release|x86.Build.0 = Release|Any CPU
		{CE8774BB-FCAE-45B3-AEB4-0BEFB26B8743}.Debug|Any CPU.ActiveCfg = Debug|Any CPU
		{CE8774BB-FCAE-45B3-AEB4-0BEFB26B8743}.Debug|Any CPU.Build.0 = Debug|Any CPU
		{CE8774BB-FCAE-45B3-AEB4-0BEFB26B8743}.Debug|x64.ActiveCfg = Debug|Any CPU
		{CE8774BB-FCAE-45B3-AEB4-0BEFB26B8743}.Debug|x64.Build.0 = Debug|Any CPU
		{CE8774BB-FCAE-45B3-AEB4-0BEFB26B8743}.Debug|x86.ActiveCfg = Debug|Any CPU
		{CE8774BB-FCAE-45B3-AEB4-0BEFB26B8743}.Debug|x86.Build.0 = Debug|Any CPU
		{CE8774BB-FCAE-45B3-AEB4-0BEFB26B8743}.Release|Any CPU.ActiveCfg = Release|Any CPU
		{CE8774BB-FCAE-45B3-AEB4-0BEFB26B8743}.Release|Any CPU.Build.0 = Release|Any CPU
		{CE8774BB-FCAE-45B3-AEB4-0BEFB26B8743}.Release|x64.ActiveCfg = Release|Any CPU
		{CE8774BB-FCAE-45B3-AEB4-0BEFB26B8743}.Release|x64.Build.0 = Release|Any CPU
		{CE8774BB-FCAE-45B3-AEB4-0BEFB26B8743}.Release|x86.ActiveCfg = Release|Any CPU
		{CE8774BB-FCAE-45B3-AEB4-0BEFB26B8743}.Release|x86.Build.0 = Release|Any CPU
		{4B9D5DB2-B3AC-4A4A-A607-CB5FED68AD89}.Debug|Any CPU.ActiveCfg = Debug|Any CPU
		{4B9D5DB2-B3AC-4A4A-A607-CB5FED68AD89}.Debug|Any CPU.Build.0 = Debug|Any CPU
		{4B9D5DB2-B3AC-4A4A-A607-CB5FED68AD89}.Debug|x64.ActiveCfg = Debug|Any CPU
		{4B9D5DB2-B3AC-4A4A-A607-CB5FED68AD89}.Debug|x64.Build.0 = Debug|Any CPU
		{4B9D5DB2-B3AC-4A4A-A607-CB5FED68AD89}.Debug|x86.ActiveCfg = Debug|Any CPU
		{4B9D5DB2-B3AC-4A4A-A607-CB5FED68AD89}.Debug|x86.Build.0 = Debug|Any CPU
		{4B9D5DB2-B3AC-4A4A-A607-CB5FED68AD89}.Release|Any CPU.ActiveCfg = Release|Any CPU
		{4B9D5DB2-B3AC-4A4A-A607-CB5FED68AD89}.Release|Any CPU.Build.0 = Release|Any CPU
		{4B9D5DB2-B3AC-4A4A-A607-CB5FED68AD89}.Release|x64.ActiveCfg = Release|Any CPU
		{4B9D5DB2-B3AC-4A4A-A607-CB5FED68AD89}.Release|x64.Build.0 = Release|Any CPU
		{4B9D5DB2-B3AC-4A4A-A607-CB5FED68AD89}.Release|x86.ActiveCfg = Release|Any CPU
		{4B9D5DB2-B3AC-4A4A-A607-CB5FED68AD89}.Release|x86.Build.0 = Release|Any CPU
		{9A446856-8F1B-47BF-9BC6-8F489B5CE624}.Debug|Any CPU.ActiveCfg = Debug|Any CPU
		{9A446856-8F1B-47BF-9BC6-8F489B5CE624}.Debug|Any CPU.Build.0 = Debug|Any CPU
		{9A446856-8F1B-47BF-9BC6-8F489B5CE624}.Debug|x64.ActiveCfg = Debug|Any CPU
		{9A446856-8F1B-47BF-9BC6-8F489B5CE624}.Debug|x64.Build.0 = Debug|Any CPU
		{9A446856-8F1B-47BF-9BC6-8F489B5CE624}.Debug|x86.ActiveCfg = Debug|Any CPU
		{9A446856-8F1B-47BF-9BC6-8F489B5CE624}.Debug|x86.Build.0 = Debug|Any CPU
		{9A446856-8F1B-47BF-9BC6-8F489B5CE624}.Release|Any CPU.ActiveCfg = Release|Any CPU
		{9A446856-8F1B-47BF-9BC6-8F489B5CE624}.Release|Any CPU.Build.0 = Release|Any CPU
		{9A446856-8F1B-47BF-9BC6-8F489B5CE624}.Release|x64.ActiveCfg = Release|Any CPU
		{9A446856-8F1B-47BF-9BC6-8F489B5CE624}.Release|x64.Build.0 = Release|Any CPU
		{9A446856-8F1B-47BF-9BC6-8F489B5CE624}.Release|x86.ActiveCfg = Release|Any CPU
		{9A446856-8F1B-47BF-9BC6-8F489B5CE624}.Release|x86.Build.0 = Release|Any CPU
		{0E6E9C76-8773-4E36-8D9F-714B501F1900}.Debug|Any CPU.ActiveCfg = Debug|Any CPU
		{0E6E9C76-8773-4E36-8D9F-714B501F1900}.Debug|Any CPU.Build.0 = Debug|Any CPU
		{0E6E9C76-8773-4E36-8D9F-714B501F1900}.Debug|x64.ActiveCfg = Debug|Any CPU
		{0E6E9C76-8773-4E36-8D9F-714B501F1900}.Debug|x64.Build.0 = Debug|Any CPU
		{0E6E9C76-8773-4E36-8D9F-714B501F1900}.Debug|x86.ActiveCfg = Debug|Any CPU
		{0E6E9C76-8773-4E36-8D9F-714B501F1900}.Debug|x86.Build.0 = Debug|Any CPU
		{0E6E9C76-8773-4E36-8D9F-714B501F1900}.Release|Any CPU.ActiveCfg = Release|Any CPU
		{0E6E9C76-8773-4E36-8D9F-714B501F1900}.Release|Any CPU.Build.0 = Release|Any CPU
		{0E6E9C76-8773-4E36-8D9F-714B501F1900}.Release|x64.ActiveCfg = Release|Any CPU
		{0E6E9C76-8773-4E36-8D9F-714B501F1900}.Release|x64.Build.0 = Release|Any CPU
		{0E6E9C76-8773-4E36-8D9F-714B501F1900}.Release|x86.ActiveCfg = Release|Any CPU
		{0E6E9C76-8773-4E36-8D9F-714B501F1900}.Release|x86.Build.0 = Release|Any CPU
		{EA996E41-080F-4D74-81BC-583A36F996B6}.Debug|Any CPU.ActiveCfg = Debug|Any CPU
		{EA996E41-080F-4D74-81BC-583A36F996B6}.Debug|Any CPU.Build.0 = Debug|Any CPU
		{EA996E41-080F-4D74-81BC-583A36F996B6}.Debug|x64.ActiveCfg = Debug|Any CPU
		{EA996E41-080F-4D74-81BC-583A36F996B6}.Debug|x64.Build.0 = Debug|Any CPU
		{EA996E41-080F-4D74-81BC-583A36F996B6}.Debug|x86.ActiveCfg = Debug|Any CPU
		{EA996E41-080F-4D74-81BC-583A36F996B6}.Debug|x86.Build.0 = Debug|Any CPU
		{EA996E41-080F-4D74-81BC-583A36F996B6}.Release|Any CPU.ActiveCfg = Release|Any CPU
		{EA996E41-080F-4D74-81BC-583A36F996B6}.Release|Any CPU.Build.0 = Release|Any CPU
		{EA996E41-080F-4D74-81BC-583A36F996B6}.Release|x64.ActiveCfg = Release|Any CPU
		{EA996E41-080F-4D74-81BC-583A36F996B6}.Release|x64.Build.0 = Release|Any CPU
		{EA996E41-080F-4D74-81BC-583A36F996B6}.Release|x86.ActiveCfg = Release|Any CPU
		{EA996E41-080F-4D74-81BC-583A36F996B6}.Release|x86.Build.0 = Release|Any CPU
		{78DE3D9C-85EC-4C5A-AE9E-5553A5324D47}.Debug|Any CPU.ActiveCfg = Debug|Any CPU
		{78DE3D9C-85EC-4C5A-AE9E-5553A5324D47}.Debug|Any CPU.Build.0 = Debug|Any CPU
		{78DE3D9C-85EC-4C5A-AE9E-5553A5324D47}.Debug|x64.ActiveCfg = Debug|Any CPU
		{78DE3D9C-85EC-4C5A-AE9E-5553A5324D47}.Debug|x64.Build.0 = Debug|Any CPU
		{78DE3D9C-85EC-4C5A-AE9E-5553A5324D47}.Debug|x86.ActiveCfg = Debug|Any CPU
		{78DE3D9C-85EC-4C5A-AE9E-5553A5324D47}.Debug|x86.Build.0 = Debug|Any CPU
		{78DE3D9C-85EC-4C5A-AE9E-5553A5324D47}.Release|Any CPU.ActiveCfg = Release|Any CPU
		{78DE3D9C-85EC-4C5A-AE9E-5553A5324D47}.Release|Any CPU.Build.0 = Release|Any CPU
		{78DE3D9C-85EC-4C5A-AE9E-5553A5324D47}.Release|x64.ActiveCfg = Release|Any CPU
		{78DE3D9C-85EC-4C5A-AE9E-5553A5324D47}.Release|x64.Build.0 = Release|Any CPU
		{78DE3D9C-85EC-4C5A-AE9E-5553A5324D47}.Release|x86.ActiveCfg = Release|Any CPU
		{78DE3D9C-85EC-4C5A-AE9E-5553A5324D47}.Release|x86.Build.0 = Release|Any CPU
		{4F948DDA-7B1C-4FA4-87B8-1C6A53938278}.Debug|Any CPU.ActiveCfg = Debug|Any CPU
		{4F948DDA-7B1C-4FA4-87B8-1C6A53938278}.Debug|Any CPU.Build.0 = Debug|Any CPU
		{4F948DDA-7B1C-4FA4-87B8-1C6A53938278}.Debug|x64.ActiveCfg = Debug|Any CPU
		{4F948DDA-7B1C-4FA4-87B8-1C6A53938278}.Debug|x64.Build.0 = Debug|Any CPU
		{4F948DDA-7B1C-4FA4-87B8-1C6A53938278}.Debug|x86.ActiveCfg = Debug|Any CPU
		{4F948DDA-7B1C-4FA4-87B8-1C6A53938278}.Debug|x86.Build.0 = Debug|Any CPU
		{4F948DDA-7B1C-4FA4-87B8-1C6A53938278}.Release|Any CPU.ActiveCfg = Release|Any CPU
		{4F948DDA-7B1C-4FA4-87B8-1C6A53938278}.Release|Any CPU.Build.0 = Release|Any CPU
		{4F948DDA-7B1C-4FA4-87B8-1C6A53938278}.Release|x64.ActiveCfg = Release|Any CPU
		{4F948DDA-7B1C-4FA4-87B8-1C6A53938278}.Release|x64.Build.0 = Release|Any CPU
		{4F948DDA-7B1C-4FA4-87B8-1C6A53938278}.Release|x86.ActiveCfg = Release|Any CPU
		{4F948DDA-7B1C-4FA4-87B8-1C6A53938278}.Release|x86.Build.0 = Release|Any CPU
		{21B21CB7-3643-445E-AECC-21B059AB5097}.Debug|Any CPU.ActiveCfg = Debug|Any CPU
		{21B21CB7-3643-445E-AECC-21B059AB5097}.Debug|Any CPU.Build.0 = Debug|Any CPU
		{21B21CB7-3643-445E-AECC-21B059AB5097}.Debug|x64.ActiveCfg = Debug|Any CPU
		{21B21CB7-3643-445E-AECC-21B059AB5097}.Debug|x64.Build.0 = Debug|Any CPU
		{21B21CB7-3643-445E-AECC-21B059AB5097}.Debug|x86.ActiveCfg = Debug|Any CPU
		{21B21CB7-3643-445E-AECC-21B059AB5097}.Debug|x86.Build.0 = Debug|Any CPU
		{21B21CB7-3643-445E-AECC-21B059AB5097}.Release|Any CPU.ActiveCfg = Release|Any CPU
		{21B21CB7-3643-445E-AECC-21B059AB5097}.Release|Any CPU.Build.0 = Release|Any CPU
		{21B21CB7-3643-445E-AECC-21B059AB5097}.Release|x64.ActiveCfg = Release|Any CPU
		{21B21CB7-3643-445E-AECC-21B059AB5097}.Release|x64.Build.0 = Release|Any CPU
		{21B21CB7-3643-445E-AECC-21B059AB5097}.Release|x86.ActiveCfg = Release|Any CPU
		{21B21CB7-3643-445E-AECC-21B059AB5097}.Release|x86.Build.0 = Release|Any CPU
		{D1094ABA-6D1C-4D07-B2E3-4278045B890C}.Debug|Any CPU.ActiveCfg = Debug|Any CPU
		{D1094ABA-6D1C-4D07-B2E3-4278045B890C}.Debug|Any CPU.Build.0 = Debug|Any CPU
		{D1094ABA-6D1C-4D07-B2E3-4278045B890C}.Debug|x64.ActiveCfg = Debug|Any CPU
		{D1094ABA-6D1C-4D07-B2E3-4278045B890C}.Debug|x64.Build.0 = Debug|Any CPU
		{D1094ABA-6D1C-4D07-B2E3-4278045B890C}.Debug|x86.ActiveCfg = Debug|Any CPU
		{D1094ABA-6D1C-4D07-B2E3-4278045B890C}.Debug|x86.Build.0 = Debug|Any CPU
		{D1094ABA-6D1C-4D07-B2E3-4278045B890C}.Release|Any CPU.ActiveCfg = Release|Any CPU
		{D1094ABA-6D1C-4D07-B2E3-4278045B890C}.Release|Any CPU.Build.0 = Release|Any CPU
		{D1094ABA-6D1C-4D07-B2E3-4278045B890C}.Release|x64.ActiveCfg = Release|Any CPU
		{D1094ABA-6D1C-4D07-B2E3-4278045B890C}.Release|x64.Build.0 = Release|Any CPU
		{D1094ABA-6D1C-4D07-B2E3-4278045B890C}.Release|x86.ActiveCfg = Release|Any CPU
		{D1094ABA-6D1C-4D07-B2E3-4278045B890C}.Release|x86.Build.0 = Release|Any CPU
		{5AB39209-E5FC-49E7-BC58-0F8372C5184B}.Debug|Any CPU.ActiveCfg = Debug|Any CPU
		{5AB39209-E5FC-49E7-BC58-0F8372C5184B}.Debug|Any CPU.Build.0 = Debug|Any CPU
		{5AB39209-E5FC-49E7-BC58-0F8372C5184B}.Debug|x64.ActiveCfg = Debug|Any CPU
		{5AB39209-E5FC-49E7-BC58-0F8372C5184B}.Debug|x64.Build.0 = Debug|Any CPU
		{5AB39209-E5FC-49E7-BC58-0F8372C5184B}.Debug|x86.ActiveCfg = Debug|Any CPU
		{5AB39209-E5FC-49E7-BC58-0F8372C5184B}.Debug|x86.Build.0 = Debug|Any CPU
		{5AB39209-E5FC-49E7-BC58-0F8372C5184B}.Release|Any CPU.ActiveCfg = Release|Any CPU
		{5AB39209-E5FC-49E7-BC58-0F8372C5184B}.Release|Any CPU.Build.0 = Release|Any CPU
		{5AB39209-E5FC-49E7-BC58-0F8372C5184B}.Release|x64.ActiveCfg = Release|Any CPU
		{5AB39209-E5FC-49E7-BC58-0F8372C5184B}.Release|x64.Build.0 = Release|Any CPU
		{5AB39209-E5FC-49E7-BC58-0F8372C5184B}.Release|x86.ActiveCfg = Release|Any CPU
		{5AB39209-E5FC-49E7-BC58-0F8372C5184B}.Release|x86.Build.0 = Release|Any CPU
		{526CF2D3-6C09-48A3-B432-9111B49AEF88}.Debug|Any CPU.ActiveCfg = Debug|Any CPU
		{526CF2D3-6C09-48A3-B432-9111B49AEF88}.Debug|Any CPU.Build.0 = Debug|Any CPU
		{526CF2D3-6C09-48A3-B432-9111B49AEF88}.Debug|x64.ActiveCfg = Debug|Any CPU
		{526CF2D3-6C09-48A3-B432-9111B49AEF88}.Debug|x64.Build.0 = Debug|Any CPU
		{526CF2D3-6C09-48A3-B432-9111B49AEF88}.Debug|x86.ActiveCfg = Debug|Any CPU
		{526CF2D3-6C09-48A3-B432-9111B49AEF88}.Debug|x86.Build.0 = Debug|Any CPU
		{526CF2D3-6C09-48A3-B432-9111B49AEF88}.Release|Any CPU.ActiveCfg = Release|Any CPU
		{526CF2D3-6C09-48A3-B432-9111B49AEF88}.Release|Any CPU.Build.0 = Release|Any CPU
		{526CF2D3-6C09-48A3-B432-9111B49AEF88}.Release|x64.ActiveCfg = Release|Any CPU
		{526CF2D3-6C09-48A3-B432-9111B49AEF88}.Release|x64.Build.0 = Release|Any CPU
		{526CF2D3-6C09-48A3-B432-9111B49AEF88}.Release|x86.ActiveCfg = Release|Any CPU
		{526CF2D3-6C09-48A3-B432-9111B49AEF88}.Release|x86.Build.0 = Release|Any CPU
		{BA2B1FE6-D8B6-4F46-B247-526DADBDBA86}.Debug|Any CPU.ActiveCfg = Debug|Any CPU
		{BA2B1FE6-D8B6-4F46-B247-526DADBDBA86}.Debug|Any CPU.Build.0 = Debug|Any CPU
		{BA2B1FE6-D8B6-4F46-B247-526DADBDBA86}.Debug|x64.ActiveCfg = Debug|Any CPU
		{BA2B1FE6-D8B6-4F46-B247-526DADBDBA86}.Debug|x64.Build.0 = Debug|Any CPU
		{BA2B1FE6-D8B6-4F46-B247-526DADBDBA86}.Debug|x86.ActiveCfg = Debug|Any CPU
		{BA2B1FE6-D8B6-4F46-B247-526DADBDBA86}.Debug|x86.Build.0 = Debug|Any CPU
		{BA2B1FE6-D8B6-4F46-B247-526DADBDBA86}.Release|Any CPU.ActiveCfg = Release|Any CPU
		{BA2B1FE6-D8B6-4F46-B247-526DADBDBA86}.Release|Any CPU.Build.0 = Release|Any CPU
		{BA2B1FE6-D8B6-4F46-B247-526DADBDBA86}.Release|x64.ActiveCfg = Release|Any CPU
		{BA2B1FE6-D8B6-4F46-B247-526DADBDBA86}.Release|x64.Build.0 = Release|Any CPU
		{BA2B1FE6-D8B6-4F46-B247-526DADBDBA86}.Release|x86.ActiveCfg = Release|Any CPU
		{BA2B1FE6-D8B6-4F46-B247-526DADBDBA86}.Release|x86.Build.0 = Release|Any CPU
		{692B6146-B53E-4327-930B-0CB094B79E80}.Debug|Any CPU.ActiveCfg = Debug|Any CPU
		{692B6146-B53E-4327-930B-0CB094B79E80}.Debug|Any CPU.Build.0 = Debug|Any CPU
		{692B6146-B53E-4327-930B-0CB094B79E80}.Debug|x64.ActiveCfg = Debug|Any CPU
		{692B6146-B53E-4327-930B-0CB094B79E80}.Debug|x64.Build.0 = Debug|Any CPU
		{692B6146-B53E-4327-930B-0CB094B79E80}.Debug|x86.ActiveCfg = Debug|Any CPU
		{692B6146-B53E-4327-930B-0CB094B79E80}.Debug|x86.Build.0 = Debug|Any CPU
		{692B6146-B53E-4327-930B-0CB094B79E80}.Release|Any CPU.ActiveCfg = Release|Any CPU
		{692B6146-B53E-4327-930B-0CB094B79E80}.Release|Any CPU.Build.0 = Release|Any CPU
		{692B6146-B53E-4327-930B-0CB094B79E80}.Release|x64.ActiveCfg = Release|Any CPU
		{692B6146-B53E-4327-930B-0CB094B79E80}.Release|x64.Build.0 = Release|Any CPU
		{692B6146-B53E-4327-930B-0CB094B79E80}.Release|x86.ActiveCfg = Release|Any CPU
		{692B6146-B53E-4327-930B-0CB094B79E80}.Release|x86.Build.0 = Release|Any CPU
	EndGlobalSection
	GlobalSection(SolutionProperties) = preSolution
		HideSolutionNode = FALSE
	EndGlobalSection
	GlobalSection(NestedProjects) = preSolution
		{4E9DD423-89E1-48C8-8939-0D343328B4A5} = {24AE9D11-8A97-4D20-BC34-7E5EC8335FC1}
		{F7C24205-77E5-4203-9914-541E91BBFBB9} = {24AE9D11-8A97-4D20-BC34-7E5EC8335FC1}
		{4A5E3153-A8AC-4104-B7BF-9605C761FA71} = {24AE9D11-8A97-4D20-BC34-7E5EC8335FC1}
		{B7BBBDB2-5A0B-46B6-915A-52E16C79A27D} = {24AE9D11-8A97-4D20-BC34-7E5EC8335FC1}
		{CBE0EE09-D0C4-4874-9C43-CF369A24D339} = {24AE9D11-8A97-4D20-BC34-7E5EC8335FC1}
		{610D9D50-748E-4C19-B0D0-CE73E13C21D4} = {24AE9D11-8A97-4D20-BC34-7E5EC8335FC1}
		{997E93AB-CB17-43AB-A0D0-B3DC5C3F2AB6} = {24AE9D11-8A97-4D20-BC34-7E5EC8335FC1}
		{D3739CE9-7D52-4B0A-ADD0-A7A9630D0170} = {24AE9D11-8A97-4D20-BC34-7E5EC8335FC1}
		{61E1629E-8591-418D-9D70-F7476346A249} = {24AE9D11-8A97-4D20-BC34-7E5EC8335FC1}
		{F95D78F5-E5D5-44E8-846C-536F63F15646} = {24AE9D11-8A97-4D20-BC34-7E5EC8335FC1}
		{9F589F1A-3D17-4D7B-889F-6BDB6A352280} = {24AE9D11-8A97-4D20-BC34-7E5EC8335FC1}
		{EFB8D599-C225-4B4C-A47D-82366F513FD4} = {24AE9D11-8A97-4D20-BC34-7E5EC8335FC1}
		{7036DC6C-ECE8-4FAB-9007-93E1A905D2B3} = {24AE9D11-8A97-4D20-BC34-7E5EC8335FC1}
		{A1C94A3E-8C2D-4F3A-90A8-CB90D8F07813} = {24AE9D11-8A97-4D20-BC34-7E5EC8335FC1}
		{C06EC399-B844-4745-B078-6FA5F56B4720} = {14507A7B-7DA9-4E7B-AB05-1332D8A4164A}
		{7ADF959E-815A-4C56-A08B-25A8881EE1C4} = {14507A7B-7DA9-4E7B-AB05-1332D8A4164A}
		{AAC2413D-91FF-4679-B370-14F76B1F1AA1} = {14507A7B-7DA9-4E7B-AB05-1332D8A4164A}
		{303DCAF4-B2A7-40A3-B312-90403310D1C7} = {14507A7B-7DA9-4E7B-AB05-1332D8A4164A}
		{1D1CE31B-AFB5-4BE3-9082-5E11B5F0E6DB} = {14507A7B-7DA9-4E7B-AB05-1332D8A4164A}
		{B34548A8-E37C-4A4D-9E3F-686672908AD8} = {14507A7B-7DA9-4E7B-AB05-1332D8A4164A}
		{749FBF03-3260-4584-9810-41B91F5A03EF} = {14507A7B-7DA9-4E7B-AB05-1332D8A4164A}
		{342FDB1C-6D92-4F91-A806-686D1D6E4BA8} = {14507A7B-7DA9-4E7B-AB05-1332D8A4164A}
		{2B07AC4C-41D4-4916-995C-F7EE23657D2B} = {14507A7B-7DA9-4E7B-AB05-1332D8A4164A}
		{05A5455E-A69B-431C-B96D-B9F31E407850} = {14507A7B-7DA9-4E7B-AB05-1332D8A4164A}
		{57FB3E96-7C40-4A8B-9315-3432C0CF3FE4} = {24AE9D11-8A97-4D20-BC34-7E5EC8335FC1}
		{0DDF1ACD-6C7D-4F24-96FD-19A4661D964C} = {14507A7B-7DA9-4E7B-AB05-1332D8A4164A}
		{9041DE7F-249B-4E89-AC3A-690E8AF20402} = {14507A7B-7DA9-4E7B-AB05-1332D8A4164A}
		{EC6CEFF2-1E2D-4A51-A26C-176688FA6F5C} = {14507A7B-7DA9-4E7B-AB05-1332D8A4164A}
		{BF817DF7-A221-4C7F-AD30-3E0B031736C2} = {24AE9D11-8A97-4D20-BC34-7E5EC8335FC1}
		{EB6A4A44-8415-478B-9C6A-74C131841BEC} = {14507A7B-7DA9-4E7B-AB05-1332D8A4164A}
		{C4891442-4C6D-45BA-AFEC-19C4E0D2F93D} = {24AE9D11-8A97-4D20-BC34-7E5EC8335FC1}
		{4EA907C9-4A6C-4215-8FEF-395C5F558EA4} = {14507A7B-7DA9-4E7B-AB05-1332D8A4164A}
		{CE8774BB-FCAE-45B3-AEB4-0BEFB26B8743} = {24AE9D11-8A97-4D20-BC34-7E5EC8335FC1}
		{4B9D5DB2-B3AC-4A4A-A607-CB5FED68AD89} = {14507A7B-7DA9-4E7B-AB05-1332D8A4164A}
		{9A446856-8F1B-47BF-9BC6-8F489B5CE624} = {24AE9D11-8A97-4D20-BC34-7E5EC8335FC1}
		{0E6E9C76-8773-4E36-8D9F-714B501F1900} = {14507A7B-7DA9-4E7B-AB05-1332D8A4164A}
		{EA996E41-080F-4D74-81BC-583A36F996B6} = {24AE9D11-8A97-4D20-BC34-7E5EC8335FC1}
		{78DE3D9C-85EC-4C5A-AE9E-5553A5324D47} = {14507A7B-7DA9-4E7B-AB05-1332D8A4164A}
		{4F948DDA-7B1C-4FA4-87B8-1C6A53938278} = {24AE9D11-8A97-4D20-BC34-7E5EC8335FC1}
		{21B21CB7-3643-445E-AECC-21B059AB5097} = {14507A7B-7DA9-4E7B-AB05-1332D8A4164A}
		{D1094ABA-6D1C-4D07-B2E3-4278045B890C} = {24AE9D11-8A97-4D20-BC34-7E5EC8335FC1}
		{5AB39209-E5FC-49E7-BC58-0F8372C5184B} = {14507A7B-7DA9-4E7B-AB05-1332D8A4164A}
		{526CF2D3-6C09-48A3-B432-9111B49AEF88} = {14507A7B-7DA9-4E7B-AB05-1332D8A4164A}
		{BA2B1FE6-D8B6-4F46-B247-526DADBDBA86} = {24AE9D11-8A97-4D20-BC34-7E5EC8335FC1}
		{692B6146-B53E-4327-930B-0CB094B79E80} = {14507A7B-7DA9-4E7B-AB05-1332D8A4164A}
	EndGlobalSection
EndGlobal
